
Microsoft Visual Studio Solution File, Format Version 12.00
# Visual Studio Version 17
VisualStudioVersion = 17.6.33829.357
MinimumVisualStudioVersion = 10.0.40219.1
Project("{FAE04EC0-301F-11D3-BF4B-00C04F79EFBC}") = "API", "API\API.csproj", "{D02C117F-64FB-4DE6-AF37-1AEC08AE718E}"
EndProject
Global
	GlobalSection(SolutionConfigurationPlatforms) = preSolution
		Debug|Any CPU = Debug|Any CPU
		Release|Any CPU = Release|Any CPU
	EndGlobalSection
	GlobalSection(ProjectConfigurationPlatforms) = postSolution
		{D02C117F-64FB-4DE6-AF37-1AEC08AE718E}.Debug|Any CPU.ActiveCfg = Debug|Any CPU
		{D02C117F-64FB-4DE6-AF37-1AEC08AE718E}.Debug|Any CPU.Build.0 = Debug|Any CPU
		{D02C117F-64FB-4DE6-AF37-1AEC08AE718E}.Release|Any CPU.ActiveCfg = Release|Any CPU
		{D02C117F-64FB-4DE6-AF37-1AEC08AE718E}.Release|Any CPU.Build.0 = Release|Any CPU
	EndGlobalSection
	GlobalSection(SolutionProperties) = preSolution
		HideSolutionNode = FALSE
	EndGlobalSection
	GlobalSection(ExtensibilityGlobals) = postSolution
		SolutionGuid = {5CC62181-A873-437E-A139-9C23EDB4377E}
	EndGlobalSection
EndGlobal
